
Microsoft Visual Studio Solution File, Format Version 12.00
# Visual Studio Version 17
VisualStudioVersion = 17.4.33403.182
MinimumVisualStudioVersion = 10.0.40219.1
Project("{FAE04EC0-301F-11D3-BF4B-00C04F79EFBC}") = "KodAnaliz_FileZip", "KodAnaliz_FileZip\KodAnaliz_FileZip.csproj", "{8E060CD2-70AF-4491-AAFB-B28DD9206630}"
EndProject
Global
	GlobalSection(SolutionConfigurationPlatforms) = preSolution
		Debug|Any CPU = Debug|Any CPU
		Release|Any CPU = Release|Any CPU
	EndGlobalSection
	GlobalSection(ProjectConfigurationPlatforms) = postSolution
		{8E060CD2-70AF-4491-AAFB-B28DD9206630}.Debug|Any CPU.ActiveCfg = Debug|Any CPU
		{8E060CD2-70AF-4491-AAFB-B28DD9206630}.Debug|Any CPU.Build.0 = Debug|Any CPU
		{8E060CD2-70AF-4491-AAFB-B28DD9206630}.Release|Any CPU.ActiveCfg = Release|Any CPU
		{8E060CD2-70AF-4491-AAFB-B28DD9206630}.Release|Any CPU.Build.0 = Release|Any CPU
	EndGlobalSection
	GlobalSection(SolutionProperties) = preSolution
		HideSolutionNode = FALSE
	EndGlobalSection
	GlobalSection(ExtensibilityGlobals) = postSolution
		SolutionGuid = {137BBBA0-681D-4460-8FE4-9D3D57DD9EAB}
	EndGlobalSection
EndGlobal
